Microsoft Visual Studio Solution File, Format Version 12.00
# Visual Studio Version 17
VisualStudioVersion = 17.5.2.0
MinimumVisualStudioVersion = 10.0.40219.1
Project("{2150E333-8FDC-42A3-9474-1A3956D46DE8}") = "email-agent", "email-agent", "{C737CFC1-5BA3-6E04-5C26-AAE395B1EA9B}"
EndProject
Project("{FAE04EC0-301F-11D3-BF4B-00C04F79EFBC}") = "outlookAgent", "email-agent\outlookAgent\outlookAgent.csproj", "{E728BE77-6592-A948-6D2C-6B66E83D8FC0}"
EndProject
Global
	GlobalSection(SolutionConfigurationPlatforms) = preSolution
		Debug|Any CPU = Debug|Any CPU
		Release|Any CPU = Release|Any CPU
	EndGlobalSection
	GlobalSection(ProjectConfigurationPlatforms) = postSolution
		{E728BE77-6592-A948-6D2C-6B66E83D8FC0}.Debug|Any CPU.ActiveCfg = Debug|Any CPU
		{E728BE77-6592-A948-6D2C-6B66E83D8FC0}.Debug|Any CPU.Build.0 = Debug|Any CPU
		{E728BE77-6592-A948-6D2C-6B66E83D8FC0}.Release|Any CPU.ActiveCfg = Release|Any CPU
		{E728BE77-6592-A948-6D2C-6B66E83D8FC0}.Release|Any CPU.Build.0 = Release|Any CPU
	EndGlobalSection
	GlobalSection(SolutionProperties) = preSolution
		HideSolutionNode = FALSE
	EndGlobalSection
	GlobalSection(NestedProjects) = preSolution
		{E728BE77-6592-A948-6D2C-6B66E83D8FC0} = {C737CFC1-5BA3-6E04-5C26-AAE395B1EA9B}
	EndGlobalSection
	GlobalSection(ExtensibilityGlobals) = postSolution
		SolutionGuid = {2DB0BE8A-ABE6-4195-8046-6DD3C8678600}
	EndGlobalSection
EndGlobal
